// !$*UTF8*$!
{
	archiveVersion = 1;
	classes = {
	};
	objectVersion = 56;
	objects = {

/* Begin PBXBuildFile section */
		8D89867A2A810066002F7AC0 /* QuizAppApp.swift in Sources */ = {isa = PBXBuildFile; fileRef = 8D8986792A810066002F7AC0 /* QuizAppApp.swift */; };
		8D89867C2A810066002F7AC0 /* QuizListView.swift in Sources */ = {isa = PBXBuildFile; fileRef = 8D89867B2A810066002F7AC0 /* QuizListView.swift */; };
		8D89867E2A81006A002F7AC0 /* Assets.xcassets in Resources */ = {isa = PBXBuildFile; fileRef = 8D89867D2A81006A002F7AC0 /* Assets.xcassets */; };
		8D8986812A81006A002F7AC0 /* Preview Assets.xcassets in Resources */ = {isa = PBXBuildFile; fileRef = 8D8986802A81006A002F7AC0 /* Preview Assets.xcassets */; };
		8D89868B2A81006A002F7AC0 /* QuizAppTests.swift in Sources */ = {isa = PBXBuildFile; fileRef = 8D89868A2A81006A002F7AC0 /* QuizAppTests.swift */; };
		8D8986952A81006A002F7AC0 /* QuizAppUITests.swift in Sources */ = {isa = PBXBuildFile; fileRef = 8D8986942A81006A002F7AC0 /* QuizAppUITests.swift */; };
		8D8986972A81006A002F7AC0 /* QuizAppUITestsLaunchTests.swift in Sources */ = {isa = PBXBuildFile; fileRef = 8D8986962A81006A002F7AC0 /* QuizAppUITestsLaunchTests.swift */; };
		8D8986A52A8102AE002F7AC0 /* QuestionListViewModel.swift in Sources */ = {isa = PBXBuildFile; fileRef = 8D8986A42A8102AE002F7AC0 /* QuestionListViewModel.swift */; };
		8D8986A72A8102E4002F7AC0 /* QuizDTO.swift in Sources */ = {isa = PBXBuildFile; fileRef = 8D8986A62A8102E4002F7AC0 /* QuizDTO.swift */; };
		8D8986A92A81031C002F7AC0 /* QuizListViewModel.swift in Sources */ = {isa = PBXBuildFile; fileRef = 8D8986A82A81031C002F7AC0 /* QuizListViewModel.swift */; };
		8D8986AC2A81035D002F7AC0 /* Webservice.swift in Sources */ = {isa = PBXBuildFile; fileRef = 8D8986AB2A81035D002F7AC0 /* Webservice.swift */; };
		8D8986AE2A81036D002F7AC0 /* WebserviceProtocol.swift in Sources */ = {isa = PBXBuildFile; fileRef = 8D8986AD2A81036D002F7AC0 /* WebserviceProtocol.swift */; };
		8D8986B02A8103FC002F7AC0 /* Constants.swift in Sources */ = {isa = PBXBuildFile; fileRef = 8D8986AF2A8103FC002F7AC0 /* Constants.swift */; };
		8D8986B52A810468002F7AC0 /* NetworkServiceFactory.swift in Sources */ = {isa = PBXBuildFile; fileRef = 8D8986B42A810468002F7AC0 /* NetworkServiceFactory.swift */; };
		8D8986B82A810768002F7AC0 /* QuestionListView.swift in Sources */ = {isa = PBXBuildFile; fileRef = 8D8986B72A810768002F7AC0 /* QuestionListView.swift */; };
		8D8986BA2A8107D6002F7AC0 /* QuizSubmission.swift in Sources */ = {isa = PBXBuildFile; fileRef = 8D8986B92A8107D6002F7AC0 /* QuizSubmission.swift */; };
		8D8986BD2A81081E002F7AC0 /* QuizData.swift in Sources */ = {isa = PBXBuildFile; fileRef = 8D8986BC2A81081E002F7AC0 /* QuizData.swift */; };
		8D8986BF2A81084C002F7AC0 /* quizes.json in Resources */ = {isa = PBXBuildFile; fileRef = 8D8986BE2A81084C002F7AC0 /* quizes.json */; };
		8D8986C82A810C26002F7AC0 /* QuizGradeScreen.swift in Sources */ = {isa = PBXBuildFile; fileRef = 8D8986C72A810C26002F7AC0 /* QuizGradeScreen.swift */; };
		8D8986CB2A810C84002F7AC0 /* QuizGradeViewModel.swift in Sources */ = {isa = PBXBuildFile; fileRef = 8D8986CA2A810C84002F7AC0 /* QuizGradeViewModel.swift */; };
		8D8986CD2A810D07002F7AC0 /* RootPresentationModeKey.swift in Sources */ = {isa = PBXBuildFile; fileRef = 8D8986CC2A810D07002F7AC0 /* RootPresentationModeKey.swift */; };
		8D8986D12A811002002F7AC0 /* Quiz.swift in Sources */ = {isa = PBXBuildFile; fileRef = 8D8986D02A811002002F7AC0 /* Quiz.swift */; };
/* End PBXBuildFile section */

/* Begin PBXContainerItemProxy section */
		8D8986872A81006A002F7AC0 /* PBXContainerItemProxy */ = {
			isa = PBXContainerItemProxy;
			containerPortal = 8D89866E2A810066002F7AC0 /* Project object */;
			proxyType = 1;
			remoteGlobalIDString = 8D8986752A810066002F7AC0;
			remoteInfo = QuizApp;
		};
		8D8986912A81006A002F7AC0 /* PBXContainerItemProxy */ = {
			isa = PBXContainerItemProxy;
			containerPortal = 8D89866E2A810066002F7AC0 /* Project object */;
			proxyType = 1;
			remoteGlobalIDString = 8D8986752A810066002F7AC0;
			remoteInfo = QuizApp;
		};
/* End PBXContainerItemProxy section */

/* Begin PBXFileReference section */
		8D8986762A810066002F7AC0 /* QuizApp.app */ = {isa = PBXFileReference; explicitFileType = wrapper.application; includeInIndex = 0; path = QuizApp.app; sourceTree = BUILT_PRODUCTS_DIR; };
		8D8986792A810066002F7AC0 /* QuizAppApp.swift */ = {isa = PBXFileReference; lastKnownFileType = sourcecode.swift; path = QuizAppApp.swift; sourceTree = "<group>"; };
		8D89867B2A810066002F7AC0 /* QuizListView.swift */ = {isa = PBXFileReference; lastKnownFileType = sourcecode.swift; path = QuizListView.swift; sourceTree = "<group>"; };
		8D89867D2A81006A002F7AC0 /* Assets.xcassets */ = {isa = PBXFileReference; lastKnownFileType = folder.assetcatalog; path = Assets.xcassets; sourceTree = "<group>"; };
		8D8986802A81006A002F7AC0 /* Preview Assets.xcassets */ = {isa = PBXFileReference; lastKnownFileType = folder.assetcatalog; path = "Preview Assets.xcassets"; sourceTree = "<group>"; };
		8D8986862A81006A002F7AC0 /* QuizAppTests.xctest */ = {isa = PBXFileReference; explicitFileType = wrapper.cfbundle; includeInIndex = 0; path = QuizAppTests.xctest; sourceTree = BUILT_PRODUCTS_DIR; };
		8D89868A2A81006A002F7AC0 /* QuizAppTests.swift */ = {isa = PBXFileReference; lastKnownFileType = sourcecode.swift; path = QuizAppTests.swift; sourceTree = "<group>"; };
		8D8986902A81006A002F7AC0 /* QuizAppUITests.xctest */ = {isa = PBXFileReference; explicitFileType = wrapper.cfbundle; includeInIndex = 0; path = QuizAppUITests.xctest; sourceTree = BUILT_PRODUCTS_DIR; };
		8D8986942A81006A002F7AC0 /* QuizAppUITests.swift */ = {isa = PBXFileReference; lastKnownFileType = sourcecode.swift; path = QuizAppUITests.swift; sourceTree = "<group>"; };
		8D8986962A81006A002F7AC0 /* QuizAppUITestsLaunchTests.swift */ = {isa = PBXFileReference; lastKnownFileType = sourcecode.swift; path = QuizAppUITestsLaunchTests.swift; sourceTree = "<group>"; };
		8D8986A42A8102AE002F7AC0 /* QuestionListViewModel.swift */ = {isa = PBXFileReference; lastKnownFileType = sourcecode.swift; path = QuestionListViewModel.swift; sourceTree = "<group>"; };
		8D8986A62A8102E4002F7AC0 /* QuizDTO.swift */ = {isa = PBXFileReference; lastKnownFileType = sourcecode.swift; path = QuizDTO.swift; sourceTree = "<group>"; };
		8D8986A82A81031C002F7AC0 /* QuizListViewModel.swift */ = {isa = PBXFileReference; lastKnownFileType = sourcecode.swift; path = QuizListViewModel.swift; sourceTree = "<group>"; };
		8D8986AB2A81035D002F7AC0 /* Webservice.swift */ = {isa = PBXFileReference; lastKnownFileType = sourcecode.swift; path = Webservice.swift; sourceTree = "<group>"; };
		8D8986AD2A81036D002F7AC0 /* WebserviceProtocol.swift */ = {isa = PBXFileReference; lastKnownFileType = sourcecode.swift; path = WebserviceProtocol.swift; sourceTree = "<group>"; };
		8D8986AF2A8103FC002F7AC0 /* Constants.swift */ = {isa = PBXFileReference; lastKnownFileType = sourcecode.swift; path = Constants.swift; sourceTree = "<group>"; };
		8D8986B42A810468002F7AC0 /* NetworkServiceFactory.swift */ = {isa = PBXFileReference; lastKnownFileType = sourcecode.swift; path = NetworkServiceFactory.swift; sourceTree = "<group>"; };
		8D8986B72A810768002F7AC0 /* QuestionListView.swift */ = {isa = PBXFileReference; lastKnownFileType = sourcecode.swift; path = QuestionListView.swift; sourceTree = "<group>"; };
		8D8986B92A8107D6002F7AC0 /* QuizSubmission.swift */ = {isa = PBXFileReference; lastKnownFileType = sourcecode.swift; path = QuizSubmission.swift; sourceTree = "<group>"; };
		8D8986BC2A81081E002F7AC0 /* QuizData.swift */ = {isa = PBXFileReference; lastKnownFileType = sourcecode.swift; path = QuizData.swift; sourceTree = "<group>"; };
		8D8986BE2A81084C002F7AC0 /* quizes.json */ = {isa = PBXFileReference; fileEncoding = 4; lastKnownFileType = text.json; path = quizes.json; sourceTree = "<group>"; };
		8D8986C72A810C26002F7AC0 /* QuizGradeScreen.swift */ = {isa = PBXFileReference; lastKnownFileType = sourcecode.swift; path = QuizGradeScreen.swift; sourceTree = "<group>"; };
		8D8986CA2A810C84002F7AC0 /* QuizGradeViewModel.swift */ = {isa = PBXFileReference; lastKnownFileType = sourcecode.swift; path = QuizGradeViewModel.swift; sourceTree = "<group>"; };
		8D8986CC2A810D07002F7AC0 /* RootPresentationModeKey.swift */ = {isa = PBXFileReference; lastKnownFileType = sourcecode.swift; path = RootPresentationModeKey.swift; sourceTree = "<group>"; };
		8D8986D02A811002002F7AC0 /* Quiz.swift */ = {isa = PBXFileReference; lastKnownFileType = sourcecode.swift; path = Quiz.swift; sourceTree = "<group>"; };
/* End PBXFileReference section */

/* Begin PBXFrameworksBuildPhase section */
		8D8986732A810066002F7AC0 /* Frameworks */ = {
			isa = PBXFrameworksBuildPhase;
			buildActionMask = 2147483647;
			files = (
			);
			runOnlyForDeploymentPostprocessing = 0;
		};
		8D8986832A81006A002F7AC0 /* Frameworks */ = {
			isa = PBXFrameworksBuildPhase;
			buildActionMask = 2147483647;
			files = (
			);
			runOnlyForDeploymentPostprocessing = 0;
		};
		8D89868D2A81006A002F7AC0 /* Frameworks */ = {
			isa = PBXFrameworksBuildPhase;
			buildActionMask = 2147483647;
			files = (
			);
			runOnlyForDeploymentPostprocessing = 0;
		};
/* End PBXFrameworksBuildPhase section */

/* Begin PBXGroup section */
		8D89866D2A810066002F7AC0 = {
			isa = PBXGroup;
			children = (
				8D8986782A810066002F7AC0 /* QuizApp */,
				8D8986892A81006A002F7AC0 /* QuizAppTests */,
				8D8986932A81006A002F7AC0 /* QuizAppUITests */,
				8D8986772A810066002F7AC0 /* Products */,
			);
			sourceTree = "<group>";
		};
		8D8986772A810066002F7AC0 /* Products */ = {
			isa = PBXGroup;
			children = (
				8D8986762A810066002F7AC0 /* QuizApp.app */,
				8D8986862A81006A002F7AC0 /* QuizAppTests.xctest */,
				8D8986902A81006A002F7AC0 /* QuizAppUITests.xctest */,
			);
			name = Products;
			sourceTree = "<group>";
		};
		8D8986782A810066002F7AC0 /* QuizApp */ = {
			isa = PBXGroup;
			children = (
				8D8986CE2A810DB8002F7AC0 /* App */,
				8D8986B32A810460002F7AC0 /* Factories */,
				8D8986B22A810407002F7AC0 /* Utils */,
				8D8986AA2A810339002F7AC0 /* Services */,
				8D8986A32A81026B002F7AC0 /* QuizListScreen */,
				8D8986B62A810753002F7AC0 /* QuestionListScreen */,
				8D8986C52A810C03002F7AC0 /* QuizGradeScreen */,
				8D89867D2A81006A002F7AC0 /* Assets.xcassets */,
				8D89867F2A81006A002F7AC0 /* Preview Content */,
			);
			path = QuizApp;
			sourceTree = "<group>";
		};
		8D89867F2A81006A002F7AC0 /* Preview Content */ = {
			isa = PBXGroup;
			children = (
				8D8986802A81006A002F7AC0 /* Preview Assets.xcassets */,
			);
			path = "Preview Content";
			sourceTree = "<group>";
		};
		8D8986892A81006A002F7AC0 /* QuizAppTests */ = {
			isa = PBXGroup;
			children = (
				8D89868A2A81006A002F7AC0 /* QuizAppTests.swift */,
			);
			path = QuizAppTests;
			sourceTree = "<group>";
		};
		8D8986932A81006A002F7AC0 /* QuizAppUITests */ = {
			isa = PBXGroup;
			children = (
				8D8986942A81006A002F7AC0 /* QuizAppUITests.swift */,
				8D8986962A81006A002F7AC0 /* QuizAppUITestsLaunchTests.swift */,
			);
			path = QuizAppUITests;
			sourceTree = "<group>";
		};
		8D8986A32A81026B002F7AC0 /* QuizListScreen */ = {
			isa = PBXGroup;
			children = (
				8D8986C02A810868002F7AC0 /* View */,
				8D8986C12A81086F002F7AC0 /* ViewModel */,
				8D8986CF2A810FF1002F7AC0 /* Model */,
				8D8986C22A81087A002F7AC0 /* DTO */,
			);
			path = QuizListScreen;
			sourceTree = "<group>";
		};
		8D8986AA2A810339002F7AC0 /* Services */ = {
			isa = PBXGroup;
			children = (
				8D8986AB2A81035D002F7AC0 /* Webservice.swift */,
				8D8986AD2A81036D002F7AC0 /* WebserviceProtocol.swift */,
			);
			path = Services;
			sourceTree = "<group>";
		};
		8D8986B22A810407002F7AC0 /* Utils */ = {
			isa = PBXGroup;
			children = (
				8D8986AF2A8103FC002F7AC0 /* Constants.swift */,
				8D8986CC2A810D07002F7AC0 /* RootPresentationModeKey.swift */,
			);
			path = Utils;
			sourceTree = "<group>";
		};
		8D8986B32A810460002F7AC0 /* Factories */ = {
			isa = PBXGroup;
			children = (
				8D8986B42A810468002F7AC0 /* NetworkServiceFactory.swift */,
			);
			path = Factories;
			sourceTree = "<group>";
		};
		8D8986B62A810753002F7AC0 /* QuestionListScreen */ = {
			isa = PBXGroup;
			children = (
				8D8986C32A810882002F7AC0 /* View */,
				8D8986C42A810888002F7AC0 /* ViewModel */,
				8D8986BB2A810810002F7AC0 /* Model */,
			);
			path = QuestionListScreen;
			sourceTree = "<group>";
		};
		8D8986BB2A810810002F7AC0 /* Model */ = {
			isa = PBXGroup;
			children = (
				8D8986BC2A81081E002F7AC0 /* QuizData.swift */,
				8D8986BE2A81084C002F7AC0 /* quizes.json */,
			);
			path = Model;
			sourceTree = "<group>";
		};
		8D8986C02A810868002F7AC0 /* View */ = {
			isa = PBXGroup;
			children = (
				8D89867B2A810066002F7AC0 /* QuizListView.swift */,
			);
			path = View;
			sourceTree = "<group>";
		};
		8D8986C12A81086F002F7AC0 /* ViewModel */ = {
			isa = PBXGroup;
			children = (
				8D8986A82A81031C002F7AC0 /* QuizListViewModel.swift */,
			);
			path = ViewModel;
			sourceTree = "<group>";
		};
		8D8986C22A81087A002F7AC0 /* DTO */ = {
			isa = PBXGroup;
			children = (
				8D8986A62A8102E4002F7AC0 /* QuizDTO.swift */,
			);
			path = DTO;
			sourceTree = "<group>";
		};
		8D8986C32A810882002F7AC0 /* View */ = {
			isa = PBXGroup;
			children = (
				8D8986B72A810768002F7AC0 /* QuestionListView.swift */,
			);
			path = View;
			sourceTree = "<group>";
		};
		8D8986C42A810888002F7AC0 /* ViewModel */ = {
			isa = PBXGroup;
			children = (
				8D8986A42A8102AE002F7AC0 /* QuestionListViewModel.swift */,
				8D8986B92A8107D6002F7AC0 /* QuizSubmission.swift */,
			);
			path = ViewModel;
			sourceTree = "<group>";
		};
		8D8986C52A810C03002F7AC0 /* QuizGradeScreen */ = {
			isa = PBXGroup;
			children = (
				8D8986C62A810C14002F7AC0 /* View */,
				8D8986C92A810C7A002F7AC0 /* ViewModel */,
			);
			path = QuizGradeScreen;
			sourceTree = "<group>";
		};
		8D8986C62A810C14002F7AC0 /* View */ = {
			isa = PBXGroup;
			children = (
				8D8986C72A810C26002F7AC0 /* QuizGradeScreen.swift */,
			);
			path = View;
			sourceTree = "<group>";
		};
		8D8986C92A810C7A002F7AC0 /* ViewModel */ = {
			isa = PBXGroup;
			children = (
				8D8986CA2A810C84002F7AC0 /* QuizGradeViewModel.swift */,
			);
			path = ViewModel;
			sourceTree = "<group>";
		};
		8D8986CE2A810DB8002F7AC0 /* App */ = {
			isa = PBXGroup;
			children = (
				8D8986792A810066002F7AC0 /* QuizAppApp.swift */,
			);
			path = App;
			sourceTree = "<group>";
		};
		8D8986CF2A810FF1002F7AC0 /* Model */ = {
			isa = PBXGroup;
			children = (
				8D8986D02A811002002F7AC0 /* Quiz.swift */,
			);
			path = Model;
			sourceTree = "<group>";
		};
/* End PBXGroup section */

/* Begin PBXNativeTarget section */
		8D8986752A810066002F7AC0 /* QuizApp */ = {
			isa = PBXNativeTarget;
			buildConfigurationList = 8D89869A2A81006A002F7AC0 /* Build configuration list for PBXNativeTarget "QuizApp" */;
			buildPhases = (
				8D8986722A810066002F7AC0 /* Sources */,
				8D8986732A810066002F7AC0 /* Frameworks */,
				8D8986742A810066002F7AC0 /* Resources */,
			);
			buildRules = (
			);
			dependencies = (
			);
			name = QuizApp;
			productName = QuizApp;
			productReference = 8D8986762A810066002F7AC0 /* QuizApp.app */;
			productType = "com.apple.product-type.application";
		};
		8D8986852A81006A002F7AC0 /* QuizAppTests */ = {
			isa = PBXNativeTarget;
			buildConfigurationList = 8D89869D2A81006A002F7AC0 /* Build configuration list for PBXNativeTarget "QuizAppTests" */;
			buildPhases = (
				8D8986822A81006A002F7AC0 /* Sources */,
				8D8986832A81006A002F7AC0 /* Frameworks */,
				8D8986842A81006A002F7AC0 /* Resources */,
			);
			buildRules = (
			);
			dependencies = (
				8D8986882A81006A002F7AC0 /* PBXTargetDependency */,
			);
			name = QuizAppTests;
			productName = QuizAppTests;
			productReference = 8D8986862A81006A002F7AC0 /* QuizAppTests.xctest */;
			productType = "com.apple.product-type.bundle.unit-test";
		};
		8D89868F2A81006A002F7AC0 /* QuizAppUITests */ = {
			isa = PBXNativeTarget;
			buildConfigurationList = 8D8986A02A81006A002F7AC0 /* Build configuration list for PBXNativeTarget "QuizAppUITests" */;
			buildPhases = (
				8D89868C2A81006A002F7AC0 /* Sources */,
				8D89868D2A81006A002F7AC0 /* Frameworks */,
				8D89868E2A81006A002F7AC0 /* Resources */,
			);
			buildRules = (
			);
			dependencies = (
				8D8986922A81006A002F7AC0 /* PBXTargetDependency */,
			);
			name = QuizAppUITests;
			productName = QuizAppUITests;
			productReference = 8D8986902A81006A002F7AC0 /* QuizAppUITests.xctest */;
			productType = "com.apple.product-type.bundle.ui-testing";
		};
/* End PBXNativeTarget section */

/* Begin PBXProject section */
		8D89866E2A810066002F7AC0 /* Project object */ = {
			isa = PBXProject;
			attributes = {
				BuildIndependentTargetsInParallel = 1;
				LastSwiftUpdateCheck = 1430;
				LastUpgradeCheck = 1430;
				TargetAttributes = {
					8D8986752A810066002F7AC0 = {
						CreatedOnToolsVersion = 14.3.1;
					};
					8D8986852A81006A002F7AC0 = {
						CreatedOnToolsVersion = 14.3.1;
						TestTargetID = 8D8986752A810066002F7AC0;
					};
					8D89868F2A81006A002F7AC0 = {
						CreatedOnToolsVersion = 14.3.1;
						TestTargetID = 8D8986752A810066002F7AC0;
					};
				};
			};
			buildConfigurationList = 8D8986712A810066002F7AC0 /* Build configuration list for PBXProject "QuizApp" */;
			compatibilityVersion = "Xcode 14.0";
			developmentRegion = en;
			hasScannedForEncodings = 0;
			knownRegions = (
				en,
				Base,
			);
			mainGroup = 8D89866D2A810066002F7AC0;
			productRefGroup = 8D8986772A810066002F7AC0 /* Products */;
			projectDirPath = "";
			projectRoot = "";
			targets = (
				8D8986752A810066002F7AC0 /* QuizApp */,
				8D8986852A81006A002F7AC0 /* QuizAppTests */,
				8D89868F2A81006A002F7AC0 /* QuizAppUITests */,
			);
		};
/* End PBXProject section */

/* Begin PBXResourcesBuildPhase section */
		8D8986742A810066002F7AC0 /* Resources */ = {
			isa = PBXResourcesBuildPhase;
			buildActionMask = 2147483647;
			files = (
				8D8986812A81006A002F7AC0 /* Preview Assets.xcassets in Resources */,
				8D89867E2A81006A002F7AC0 /* Assets.xcassets in Resources */,
				8D8986BF2A81084C002F7AC0 /* quizes.json in Resources */,
			);
			runOnlyForDeploymentPostprocessing = 0;
		};
		8D8986842A81006A002F7AC0 /* Resources */ = {
			isa = PBXResourcesBuildPhase;
			buildActionMask = 2147483647;
			files = (
			);
			runOnlyForDeploymentPostprocessing = 0;
		};
		8D89868E2A81006A002F7AC0 /* Resources */ = {
			isa = PBXResourcesBuildPhase;
			buildActionMask = 2147483647;
			files = (
			);
			runOnlyForDeploymentPostprocessing = 0;
		};
/* End PBXResourcesBuildPhase section */

/* Begin PBXSourcesBuildPhase section */
		8D8986722A810066002F7AC0 /* Sources */ = {
			isa = PBXSourcesBuildPhase;
			buildActionMask = 2147483647;
			files = (
				8D8986CD2A810D07002F7AC0 /* RootPresentationModeKey.swift in Sources */,
				8D8986C82A810C26002F7AC0 /* QuizGradeScreen.swift in Sources */,
				8D8986A72A8102E4002F7AC0 /* QuizDTO.swift in Sources */,
				8D89867C2A810066002F7AC0 /* QuizListView.swift in Sources */,
				8D8986AC2A81035D002F7AC0 /* Webservice.swift in Sources */,
				8D8986A52A8102AE002F7AC0 /* QuestionListViewModel.swift in Sources */,
				8D8986CB2A810C84002F7AC0 /* QuizGradeViewModel.swift in Sources */,
				8D8986BD2A81081E002F7AC0 /* QuizData.swift in Sources */,
				8D8986B52A810468002F7AC0 /* NetworkServiceFactory.swift in Sources */,
				8D8986A92A81031C002F7AC0 /* QuizListViewModel.swift in Sources */,
				8D8986B82A810768002F7AC0 /* QuestionListView.swift in Sources */,
				8D8986AE2A81036D002F7AC0 /* WebserviceProtocol.swift in Sources */,
				8D89867A2A810066002F7AC0 /* QuizAppApp.swift in Sources */,
				8D8986B02A8103FC002F7AC0 /* Constants.swift in Sources */,
				8D8986D12A811002002F7AC0 /* Quiz.swift in Sources */,
				8D8986BA2A8107D6002F7AC0 /* QuizSubmission.swift in Sources */,
			);
			runOnlyForDeploymentPostprocessing = 0;
		};
		8D8986822A81006A002F7AC0 /* Sources */ = {
			isa = PBXSourcesBuildPhase;
			buildActionMask = 2147483647;
			files = (
				8D89868B2A81006A002F7AC0 /* QuizAppTests.swift in Sources */,
			);
			runOnlyForDeploymentPostprocessing = 0;
		};
		8D89868C2A81006A002F7AC0 /* Sources */ = {
			isa = PBXSourcesBuildPhase;
			buildActionMask = 2147483647;
			files = (
				8D8986952A81006A002F7AC0 /* QuizAppUITests.swift in Sources */,
				8D8986972A81006A002F7AC0 /* QuizAppUITestsLaunchTests.swift in Sources */,
			);
			runOnlyForDeploymentPostprocessing = 0;
		};
/* End PBXSourcesBuildPhase section */

/* Begin PBXTargetDependency section */
		8D8986882A81006A002F7AC0 /* PBXTargetDependency */ = {
			isa = PBXTargetDependency;
			target = 8D8986752A810066002F7AC0 /* QuizApp */;
			targetProxy = 8D8986872A81006A002F7AC0 /* PBXContainerItemProxy */;
		};
		8D8986922A81006A002F7AC0 /* PBXTargetDependency */ = {
			isa = PBXTargetDependency;
			target = 8D8986752A810066002F7AC0 /* QuizApp */;
			targetProxy = 8D8986912A81006A002F7AC0 /* PBXContainerItemProxy */;
		};
/* End PBXTargetDependency section */

/* Begin XCBuildConfiguration section */
		8D8986982A81006A002F7AC0 /* Debug */ = {
			isa = XCBuildConfiguration;
			buildSettings = {
				ALWAYS_SEARCH_USER_PATHS = NO;
				CLANG_ANALYZER_NONNULL = YES;
				CLANG_ANALYZER_NUMBER_OBJECT_CONVERSION = YES_AGGRESSIVE;
				CLANG_CXX_LANGUAGE_STANDARD = "gnu++20";
				CLANG_ENABLE_MODULES = YES;
				CLANG_ENABLE_OBJC_ARC = YES;
				CLANG_ENABLE_OBJC_WEAK = YES;
				CLANG_WARN_BLOCK_CAPTURE_AUTORELEASING = YES;
				CLANG_WARN_BOOL_CONVERSION = YES;
				CLANG_WARN_COMMA = YES;
				CLANG_WARN_CONSTANT_CONVERSION = YES;
				CLANG_WARN_DEPRECATED_OBJC_IMPLEMENTATIONS = YES;
				CLANG_WARN_DIRECT_OBJC_ISA_USAGE = YES_ERROR;
				CLANG_WARN_DOCUMENTATION_COMMENTS = YES;
				CLANG_WARN_EMPTY_BODY = YES;
				CLANG_WARN_ENUM_CONVERSION = YES;
				CLANG_WARN_INFINITE_RECURSION = YES;
				CLANG_WARN_INT_CONVERSION = YES;
				CLANG_WARN_NON_LITERAL_NULL_CONVERSION = YES;
				CLANG_WARN_OBJC_IMPLICIT_RETAIN_SELF = YES;
				CLANG_WARN_OBJC_LITERAL_CONVERSION = YES;
				CLANG_WARN_OBJC_ROOT_CLASS = YES_ERROR;
				CLANG_WARN_QUOTED_INCLUDE_IN_FRAMEWORK_HEADER = YES;
				CLANG_WARN_RANGE_LOOP_ANALYSIS = YES;
				CLANG_WARN_STRICT_PROTOTYPES = YES;
				CLANG_WARN_SUSPICIOUS_MOVE = YES;
				CLANG_WARN_UNGUARDED_AVAILABILITY = YES_AGGRESSIVE;
				CLANG_WARN_UNREACHABLE_CODE = YES;
				CLANG_WARN__DUPLICATE_METHOD_MATCH = YES;
				COPY_PHASE_STRIP = NO;
				DEBUG_INFORMATION_FORMAT = dwarf;
				ENABLE_STRICT_OBJC_MSGSEND = YES;
				ENABLE_TESTABILITY = YES;
				GCC_C_LANGUAGE_STANDARD = gnu11;
				GCC_DYNAMIC_NO_PIC = NO;
				GCC_NO_COMMON_BLOCKS = YES;
				GCC_OPTIMIZATION_LEVEL = 0;
				GCC_PREPROCESSOR_DEFINITIONS = (
					"DEBUG=1",
					"$(inherited)",
				);
				GCC_WARN_64_TO_32_BIT_CONVERSION = YES;
				GCC_WARN_ABOUT_RETURN_TYPE = YES_ERROR;
				GCC_WARN_UNDECLARED_SELECTOR = YES;
				GCC_WARN_UNINITIALIZED_AUTOS = YES_AGGRESSIVE;
				GCC_WARN_UNUSED_FUNCTION = YES;
				GCC_WARN_UNUSED_VARIABLE = YES;
				IPHONEOS_DEPLOYMENT_TARGET = 16.4;
				MTL_ENABLE_DEBUG_INFO = INCLUDE_SOURCE;
				MTL_FAST_MATH = YES;
				ONLY_ACTIVE_ARCH = YES;
				SDKROOT = iphoneos;
				SWIFT_ACTIVE_COMPILATION_CONDITIONS = DEBUG;
				SWIFT_OPTIMIZATION_LEVEL = "-Onone";
			};
			name = Debug;
		};
		8D8986992A81006A002F7AC0 /* Release */ = {
			isa = XCBuildConfiguration;
			buildSettings = {
				ALWAYS_SEARCH_USER_PATHS = NO;
				CLANG_ANALYZER_NONNULL = YES;
				CLANG_ANALYZER_NUMBER_OBJECT_CONVERSION = YES_AGGRESSIVE;
				CLANG_CXX_LANGUAGE_STANDARD = "gnu++20";
				CLANG_ENABLE_MODULES = YES;
				CLANG_ENABLE_OBJC_ARC = YES;
				CLANG_ENABLE_OBJC_WEAK = YES;
				CLANG_WARN_BLOCK_CAPTURE_AUTORELEASING = YES;
				CLANG_WARN_BOOL_CONVERSION = YES;
				CLANG_WARN_COMMA = YES;
				CLANG_WARN_CONSTANT_CONVERSION = YES;
				CLANG_WARN_DEPRECATED_OBJC_IMPLEMENTATIONS = YES;
				CLANG_WARN_DIRECT_OBJC_ISA_USAGE = YES_ERROR;
				CLANG_WARN_DOCUMENTATION_COMMENTS = YES;
				CLANG_WARN_EMPTY_BODY = YES;
				CLANG_WARN_ENUM_CONVERSION = YES;
				CLANG_WARN_INFINITE_RECURSION = YES;
				CLANG_WARN_INT_CONVERSION = YES;
				CLANG_WARN_NON_LITERAL_NULL_CONVERSION = YES;
				CLANG_WARN_OBJC_IMPLICIT_RETAIN_SELF = YES;
				CLANG_WARN_OBJC_LITERAL_CONVERSION = YES;
				CLANG_WARN_OBJC_ROOT_CLASS = YES_ERROR;
				CLANG_WARN_QUOTED_INCLUDE_IN_FRAMEWORK_HEADER = YES;
				CLANG_WARN_RANGE_LOOP_ANALYSIS = YES;
				CLANG_WARN_STRICT_PROTOTYPES = YES;
				CLANG_WARN_SUSPICIOUS_MOVE = YES;
				CLANG_WARN_UNGUARDED_AVAILABILITY = YES_AGGRESSIVE;
				CLANG_WARN_UNREACHABLE_CODE = YES;
				CLANG_WARN__DUPLICATE_METHOD_MATCH = YES;
				COPY_PHASE_STRIP = NO;
				DEBUG_INFORMATION_FORMAT = "dwarf-with-dsym";
				ENABLE_NS_ASSERTIONS = NO;
				ENABLE_STRICT_OBJC_MSGSEND = YES;
				GCC_C_LANGUAGE_STANDARD = gnu11;
				GCC_NO_COMMON_BLOCKS = YES;
				GCC_WARN_64_TO_32_BIT_CONVERSION = YES;
				GCC_WARN_ABOUT_RETURN_TYPE = YES_ERROR;
				GCC_WARN_UNDECLARED_SELECTOR = YES;
				GCC_WARN_UNINITIALIZED_AUTOS = YES_AGGRESSIVE;
				GCC_WARN_UNUSED_FUNCTION = YES;
				GCC_WARN_UNUSED_VARIABLE = YES;
				IPHONEOS_DEPLOYMENT_TARGET = 16.4;
				MTL_ENABLE_DEBUG_INFO = NO;
				MTL_FAST_MATH = YES;
				SDKROOT = iphoneos;
				SWIFT_COMPILATION_MODE = wholemodule;
				SWIFT_OPTIMIZATION_LEVEL = "-O";
				VALIDATE_PRODUCT = YES;
			};
			name = Release;
		};
		8D89869B2A81006A002F7AC0 /* Debug */ = {
			isa = XCBuildConfiguration;
			buildSettings = {
				ASSETCATALOG_COMPILER_APPICON_NAME = AppIcon;
				ASSETCATALOG_COMPILER_GLOBAL_ACCENT_COLOR_NAME = AccentColor;
				CODE_SIGN_STYLE = Automatic;
				CURRENT_PROJECT_VERSION = 1;
				DEVELOPMENT_ASSET_PATHS = "\"QuizApp/Preview Content\"";
				ENABLE_PREVIEWS = YES;
				GENERATE_INFOPLIST_FILE = YES;
				INFOPLIST_KEY_UIApplicationSceneManifest_Generation = YES;
				INFOPLIST_KEY_UIApplicationSupportsIndirectInputEvents = YES;
				INFOPLIST_KEY_UILaunchScreen_Generation = YES;
				INFOPLIST_KEY_UISupportedInterfaceOrientations_iPad = "UIInterfaceOrientationPortrait UIInterfaceOrientationPortraitUpsideDown UIInterfaceOrientationLandscapeLeft UIInterfaceOrientationLandscapeRight";
				INFOPLIST_KEY_UISupportedInterfaceOrientations_iPhone = "UIInterfaceOrientationPortrait UIInterfaceOrientationLandscapeLeft UIInterfaceOrientationLandscapeRight";
				LD_RUNPATH_SEARCH_PATHS = (
					"$(inherited)",
					"@executable_path/Frameworks",
				);
				MARKETING_VERSION = 1.0;
				PRODUCT_BUNDLE_IDENTIFIER = com.demo.QuizApp;
				PRODUCT_NAME = "$(TARGET_NAME)";
				SWIFT_EMIT_LOC_STRINGS = YES;
				SWIFT_VERSION = 5.0;
				TARGETED_DEVICE_FAMILY = "1,2";
			};
			name = Debug;
		};
		8D89869C2A81006A002F7AC0 /* Release */ = {
			isa = XCBuildConfiguration;
			buildSettings = {
				ASSETCATALOG_COMPILER_APPICON_NAME = AppIcon;
				ASSETCATALOG_COMPILER_GLOBAL_ACCENT_COLOR_NAME = AccentColor;
				CODE_SIGN_STYLE = Automatic;
				CURRENT_PROJECT_VERSION = 1;
				DEVELOPMENT_ASSET_PATHS = "\"QuizApp/Preview Content\"";
				ENABLE_PREVIEWS = YES;
				GENERATE_INFOPLIST_FILE = YES;
				INFOPLIST_KEY_UIApplicationSceneManifest_Generation = YES;
				INFOPLIST_KEY_UIApplicationSupportsIndirectInputEvents = YES;
				INFOPLIST_KEY_UILaunchScreen_Generation = YES;
				INFOPLIST_KEY_UISupportedInterfaceOrientations_iPad = "UIInterfaceOrientationPortrait UIInterfaceOrientationPortraitUpsideDown UIInterfaceOrientationLandscapeLeft UIInterfaceOrientationLandscapeRight";
				INFOPLIST_KEY_UISupportedInterfaceOrientations_iPhone = "UIInterfaceOrientationPortrait UIInterfaceOrientationLandscapeLeft UIInterfaceOrientationLandscapeRight";
				LD_RUNPATH_SEARCH_PATHS = (
					"$(inherited)",
					"@executable_path/Frameworks",
				);
				MARKETING_VERSION = 1.0;
				PRODUCT_BUNDLE_IDENTIFIER = com.demo.QuizApp;
				PRODUCT_NAME = "$(TARGET_NAME)";
				SWIFT_EMIT_LOC_STRINGS = YES;
				SWIFT_VERSION = 5.0;
				TARGETED_DEVICE_FAMILY = "1,2";
			};
			name = Release;
		};
		8D89869E2A81006A002F7AC0 /* Debug */ = {
			isa = XCBuildConfiguration;
			buildSettings = {
				ALWAYS_EMBED_SWIFT_STANDARD_LIBRARIES = YES;
				BUNDLE_LOADER = "$(TEST_HOST)";
				CODE_SIGN_STYLE = Automatic;
				CURRENT_PROJECT_VERSION = 1;
				GENERATE_INFOPLIST_FILE = YES;
				IPHONEOS_DEPLOYMENT_TARGET = 16.4;
				MARKETING_VERSION = 1.0;
				PRODUCT_BUNDLE_IDENTIFIER = com.demo.QuizAppTests;
				PRODUCT_NAME = "$(TARGET_NAME)";
				SWIFT_EMIT_LOC_STRINGS = NO;
				SWIFT_VERSION = 5.0;
				TARGETED_DEVICE_FAMILY = "1,2";
				TEST_HOST = "$(BUILT_PRODUCTS_DIR)/QuizApp.app/$(BUNDLE_EXECUTABLE_FOLDER_PATH)/QuizApp";
			};
			name = Debug;
		};
		8D89869F2A81006A002F7AC0 /* Release */ = {
			isa = XCBuildConfiguration;
			buildSettings = {
				ALWAYS_EMBED_SWIFT_STANDARD_LIBRARIES = YES;
				BUNDLE_LOADER = "$(TEST_HOST)";
				CODE_SIGN_STYLE = Automatic;
				CURRENT_PROJECT_VERSION = 1;
				GENERATE_INFOPLIST_FILE = YES;
				IPHONEOS_DEPLOYMENT_TARGET = 16.4;
				MARKETING_VERSION = 1.0;
				PRODUCT_BUNDLE_IDENTIFIER = com.demo.QuizAppTests;
				PRODUCT_NAME = "$(TARGET_NAME)";
				SWIFT_EMIT_LOC_STRINGS = NO;
				SWIFT_VERSION = 5.0;
				TARGETED_DEVICE_FAMILY = "1,2";
				TEST_HOST = "$(BUILT_PRODUCTS_DIR)/QuizApp.app/$(BUNDLE_EXECUTABLE_FOLDER_PATH)/QuizApp";
			};
			name = Release;
		};
		8D8986A12A81006A002F7AC0 /* Debug */ = {
			isa = XCBuildConfiguration;
			buildSettings = {
				ALWAYS_EMBED_SWIFT_STANDARD_LIBRARIES = YES;
				CODE_SIGN_STYLE = Automatic;
				CURRENT_PROJECT_VERSION = 1;
				GENERATE_INFOPLIST_FILE = YES;
				MARKETING_VERSION = 1.0;
				PRODUCT_BUNDLE_IDENTIFIER = com.demo.QuizAppUITests;
				PRODUCT_NAME = "$(TARGET_NAME)";
				SWIFT_EMIT_LOC_STRINGS = NO;
				SWIFT_VERSION = 5.0;
				TARGETED_DEVICE_FAMILY = "1,2";
				TEST_TARGET_NAME = QuizApp;
			};
			name = Debug;
		};
		8D8986A22A81006A002F7AC0 /* Release */ = {
			isa = XCBuildConfiguration;
			buildSettings = {
				ALWAYS_EMBED_SWIFT_STANDARD_LIBRARIES = YES;
				CODE_SIGN_STYLE = Automatic;
				CURRENT_PROJECT_VERSION = 1;
				GENERATE_INFOPLIST_FILE = YES;
				MARKETING_VERSION = 1.0;
				PRODUCT_BUNDLE_IDENTIFIER = com.demo.QuizAppUITests;
				PRODUCT_NAME = "$(TARGET_NAME)";
				SWIFT_EMIT_LOC_STRINGS = NO;
				SWIFT_VERSION = 5.0;
				TARGETED_DEVICE_FAMILY = "1,2";
				TEST_TARGET_NAME = QuizApp;
			};
			name = Release;
		};
/* End XCBuildConfiguration section */

/* Begin XCConfigurationList section */
		8D8986712A810066002F7AC0 /* Build configuration list for PBXProject "QuizApp" */ = {
			isa = XCConfigurationList;
			buildConfigurations = (
				8D8986982A81006A002F7AC0 /* Debug */,
				8D8986992A81006A002F7AC0 /* Release */,
			);
			defaultConfigurationIsVisible = 0;
			defaultConfigurationName = Release;
		};
		8D89869A2A81006A002F7AC0 /* Build configuration list for PBXNativeTarget "QuizApp" */ = {
			isa = XCConfigurationList;
			buildConfigurations = (
				8D89869B2A81006A002F7AC0 /* Debug */,
				8D89869C2A81006A002F7AC0 /* Release */,
			);
			defaultConfigurationIsVisible = 0;
			defaultConfigurationName = Release;
		};
		8D89869D2A81006A002F7AC0 /* Build configuration list for PBXNativeTarget "QuizAppTests" */ = {
			isa = XCConfigurationList;
			buildConfigurations = (
				8D89869E2A81006A002F7AC0 /* Debug */,
				8D89869F2A81006A002F7AC0 /* Release */,
			);
			defaultConfigurationIsVisible = 0;
			defaultConfigurationName = Release;
		};
		8D8986A02A81006A002F7AC0 /* Build configuration list for PBXNativeTarget "QuizAppUITests" */ = {
			isa = XCConfigurationList;
			buildConfigurations = (
				8D8986A12A81006A002F7AC0 /* Debug */,
				8D8986A22A81006A002F7AC0 /* Release */,
			);
			defaultConfigurationIsVisible = 0;
			defaultConfigurationName = Release;
		};
/* End XCConfigurationList section */
	};
	rootObject = 8D89866E2A810066002F7AC0 /* Project object */;
}
